
Microsoft Visual Studio Solution File, Format Version 12.00
# Visual Studio Version 16
VisualStudioVersion = 25.0.1704.0
MinimumVisualStudioVersion = 10.0.40219.1
Project("{FAE04EC0-301F-11D3-BF4B-00C04F79EFBC}") = "Velocidad", "3101_tarea2\Velocidad.csproj", "{5795F69B-CF73-4309-BFE6-C09EFA3016EA}"
EndProject
Global
	GlobalSection(SolutionConfigurationPlatforms) = preSolution
		Debug|Any CPU = Debug|Any CPU
		Release|Any CPU = Release|Any CPU
	EndGlobalSection
	GlobalSection(ProjectConfigurationPlatforms) = postSolution
		{5795F69B-CF73-4309-BFE6-C09EFA3016EA}.Debug|Any CPU.ActiveCfg = Debug|Any CPU
		{5795F69B-CF73-4309-BFE6-C09EFA3016EA}.Debug|Any CPU.Build.0 = Debug|Any CPU
		{5795F69B-CF73-4309-BFE6-C09EFA3016EA}.Release|Any CPU.ActiveCfg = Release|Any CPU
		{5795F69B-CF73-4309-BFE6-C09EFA3016EA}.Release|Any CPU.Build.0 = Release|Any CPU
	EndGlobalSection
	GlobalSection(SolutionProperties) = preSolution
		HideSolutionNode = FALSE
	EndGlobalSection
	GlobalSection(ExtensibilityGlobals) = postSolution
		SolutionGuid = {6EA08F2D-C914-4217-A5DD-A84ECF553E53}
	EndGlobalSection
EndGlobal
